
Microsoft Visual Studio Solution File, Format Version 12.00
# Visual Studio Version 16
VisualStudioVersion = 16.0.31624.102
MinimumVisualStudioVersion = 10.0.40219.1
Project("{FAE04EC0-301F-11D3-BF4B-00C04F79EFBC}") = "Module4HW6", "Module4HW6\Module4HW6.csproj", "{0F412657-3353-428C-9804-DD0421D56AEA}"
EndProject
Global
	GlobalSection(SolutionConfigurationPlatforms) = preSolution
		Debug|Any CPU = Debug|Any CPU
		Release|Any CPU = Release|Any CPU
	EndGlobalSection
	GlobalSection(ProjectConfigurationPlatforms) = postSolution
		{0F412657-3353-428C-9804-DD0421D56AEA}.Debug|Any CPU.ActiveCfg = Debug|Any CPU
		{0F412657-3353-428C-9804-DD0421D56AEA}.Debug|Any CPU.Build.0 = Debug|Any CPU
		{0F412657-3353-428C-9804-DD0421D56AEA}.Release|Any CPU.ActiveCfg = Release|Any CPU
		{0F412657-3353-428C-9804-DD0421D56AEA}.Release|Any CPU.Build.0 = Release|Any CPU
	EndGlobalSection
	GlobalSection(SolutionProperties) = preSolution
		HideSolutionNode = FALSE
	EndGlobalSection
	GlobalSection(ExtensibilityGlobals) = postSolution
		SolutionGuid = {15013F42-BA05-4C3E-9226-883847BD0328}
	EndGlobalSection
EndGlobal
